
Microsoft Visual Studio Solution File, Format Version 12.00
# Visual Studio Version 16
VisualStudioVersion = 16.0.31702.278
MinimumVisualStudioVersion = 10.0.40219.1
Project("{FAE04EC0-301F-11D3-BF4B-00C04F79EFBC}") = "EmployeePortal", "EmployeePortal\EmployeePortal.csproj", "{605A5BCF-3E91-4F73-805D-D52C7CD9BE4D}"
EndProject
Project("{FAE04EC0-301F-11D3-BF4B-00C04F79EFBC}") = "LogWeb", "LogWeb\LogWeb.csproj", "{88BB887E-6FAD-4236-8FF8-A98F7DEEB727}"
EndProject
Global
	GlobalSection(SolutionConfigurationPlatforms) = preSolution
		Debug|Any CPU = Debug|Any CPU
		Release|Any CPU = Release|Any CPU
	EndGlobalSection
	GlobalSection(ProjectConfigurationPlatforms) = postSolution
		{605A5BCF-3E91-4F73-805D-D52C7CD9BE4D}.Debug|Any CPU.ActiveCfg = Debug|Any CPU
		{605A5BCF-3E91-4F73-805D-D52C7CD9BE4D}.Debug|Any CPU.Build.0 = Debug|Any CPU
		{605A5BCF-3E91-4F73-805D-D52C7CD9BE4D}.Release|Any CPU.ActiveCfg = Release|Any CPU
		{605A5BCF-3E91-4F73-805D-D52C7CD9BE4D}.Release|Any CPU.Build.0 = Release|Any CPU
		{88BB887E-6FAD-4236-8FF8-A98F7DEEB727}.Debug|Any CPU.ActiveCfg = Debug|Any CPU
		{88BB887E-6FAD-4236-8FF8-A98F7DEEB727}.Debug|Any CPU.Build.0 = Debug|Any CPU
		{88BB887E-6FAD-4236-8FF8-A98F7DEEB727}.Release|Any CPU.ActiveCfg = Release|Any CPU
		{88BB887E-6FAD-4236-8FF8-A98F7DEEB727}.Release|Any CPU.Build.0 = Release|Any CPU
	EndGlobalSection
	GlobalSection(SolutionProperties) = preSolution
		HideSolutionNode = FALSE
	EndGlobalSection
	GlobalSection(ExtensibilityGlobals) = postSolution
		SolutionGuid = {8B02126D-BA98-4CAD-9166-A9D4C41EBAA8}
	EndGlobalSection
EndGlobal
